
Microsoft Visual Studio Solution File, Format Version 12.00
# Visual Studio 2017
Project("{FAE04EC0-301F-11D3-BF4B-00C04F79EFBC}") = "Vuforia_Test_PinappleSmiley_1.0", "Vuforia_Test_PinappleSmiley_1.0.csproj", "{122E0A46-1B56-1425-7905-F260D7F5D6DB}"
EndProject
Project("{FAE04EC0-301F-11D3-BF4B-00C04F79EFBC}") = "Vuforia_Test_PinappleSmiley_1.0.Editor", "Vuforia_Test_PinappleSmiley_1.0.Editor.csproj", "{BC538A51-3469-6C86-A3DA-370953776A06}"
EndProject
Global
	GlobalSection(SolutionConfigurationPlatforms) = preSolution
		Debug|Any CPU = Debug|Any CPU
		Release|Any CPU = Release|Any CPU
	EndGlobalSection
	GlobalSection(ProjectConfigurationPlatforms) = postSolution
		{122E0A46-1B56-1425-7905-F260D7F5D6DB}.Debug|Any CPU.ActiveCfg = Debug|Any CPU
		{122E0A46-1B56-1425-7905-F260D7F5D6DB}.Debug|Any CPU.Build.0 = Debug|Any CPU
		{122E0A46-1B56-1425-7905-F260D7F5D6DB}.Release|Any CPU.ActiveCfg = Release|Any CPU
		{122E0A46-1B56-1425-7905-F260D7F5D6DB}.Release|Any CPU.Build.0 = Release|Any CPU
		{BC538A51-3469-6C86-A3DA-370953776A06}.Debug|Any CPU.ActiveCfg = Debug|Any CPU
		{BC538A51-3469-6C86-A3DA-370953776A06}.Debug|Any CPU.Build.0 = Debug|Any CPU
		{BC538A51-3469-6C86-A3DA-370953776A06}.Release|Any CPU.ActiveCfg = Release|Any CPU
		{BC538A51-3469-6C86-A3DA-370953776A06}.Release|Any CPU.Build.0 = Release|Any CPU
	EndGlobalSection
	GlobalSection(SolutionProperties) = preSolution
		HideSolutionNode = FALSE
	EndGlobalSection
EndGlobal
